
Microsoft Visual Studio Solution File, Format Version 12.00
# Visual Studio Version 17
VisualStudioVersion = 17.0.31912.275
MinimumVisualStudioVersion = 10.0.40219.1
Project("{FAE04EC0-301F-11D3-BF4B-00C04F79EFBC}") = "Konseben.HandlerFinder", "Konseben.HandlerFinder\Konseben.HandlerFinder.csproj", "{39385290-53F5-426E-BBA7-A1EE34100A93}"
EndProject
Global
	GlobalSection(SolutionConfigurationPlatforms) = preSolution
		Debug|Any CPU = Debug|Any CPU
		Debug|x86 = Debug|x86
		Release|Any CPU = Release|Any CPU
		Release|x86 = Release|x86
	EndGlobalSection
	GlobalSection(ProjectConfigurationPlatforms) = postSolution
		{39385290-53F5-426E-BBA7-A1EE34100A93}.Debug|Any CPU.ActiveCfg = Debug|Any CPU
		{39385290-53F5-426E-BBA7-A1EE34100A93}.Debug|Any CPU.Build.0 = Debug|Any CPU
		{39385290-53F5-426E-BBA7-A1EE34100A93}.Debug|x86.ActiveCfg = Debug|x86
		{39385290-53F5-426E-BBA7-A1EE34100A93}.Debug|x86.Build.0 = Debug|x86
		{39385290-53F5-426E-BBA7-A1EE34100A93}.Release|Any CPU.ActiveCfg = Release|Any CPU
		{39385290-53F5-426E-BBA7-A1EE34100A93}.Release|Any CPU.Build.0 = Release|Any CPU
		{39385290-53F5-426E-BBA7-A1EE34100A93}.Release|x86.ActiveCfg = Release|x86
		{39385290-53F5-426E-BBA7-A1EE34100A93}.Release|x86.Build.0 = Release|x86
	EndGlobalSection
	GlobalSection(SolutionProperties) = preSolution
		HideSolutionNode = FALSE
	EndGlobalSection
	GlobalSection(ExtensibilityGlobals) = postSolution
		SolutionGuid = {85AACFC4-F17E-4CE2-88FE-30806AC77253}
	EndGlobalSection
EndGlobal
